
Microsoft Visual Studio Solution File, Format Version 12.00
# Visual Studio Version 16
VisualStudioVersion = 16.0.30114.105
MinimumVisualStudioVersion = 10.0.40219.1
Project("{FAE04EC0-301F-11D3-BF4B-00C04F79EFBC}") = "PrincipiosBasicos", "PrincipiosBasicos\PrincipiosBasicos.csproj", "{CCDA47BB-EA3F-471D-86EA-255E895757E5}"
EndProject
Project("{FAE04EC0-301F-11D3-BF4B-00C04F79EFBC}") = "DemoValueTypes", "DemoValueTypes\DemoValueTypes.csproj", "{9C3B302A-BA44-41BF-8147-85502F9CCE48}"
EndProject
Global
	GlobalSection(SolutionConfigurationPlatforms) = preSolution
		Debug|Any CPU = Debug|Any CPU
		Release|Any CPU = Release|Any CPU
	EndGlobalSection
	GlobalSection(SolutionProperties) = preSolution
		HideSolutionNode = FALSE
	EndGlobalSection
	GlobalSection(ProjectConfigurationPlatforms) = postSolution
		{CCDA47BB-EA3F-471D-86EA-255E895757E5}.Debug|Any CPU.ActiveCfg = Debug|Any CPU
		{CCDA47BB-EA3F-471D-86EA-255E895757E5}.Debug|Any CPU.Build.0 = Debug|Any CPU
		{CCDA47BB-EA3F-471D-86EA-255E895757E5}.Release|Any CPU.ActiveCfg = Release|Any CPU
		{CCDA47BB-EA3F-471D-86EA-255E895757E5}.Release|Any CPU.Build.0 = Release|Any CPU
		{9C3B302A-BA44-41BF-8147-85502F9CCE48}.Debug|Any CPU.ActiveCfg = Debug|Any CPU
		{9C3B302A-BA44-41BF-8147-85502F9CCE48}.Debug|Any CPU.Build.0 = Debug|Any CPU
		{9C3B302A-BA44-41BF-8147-85502F9CCE48}.Release|Any CPU.ActiveCfg = Release|Any CPU
		{9C3B302A-BA44-41BF-8147-85502F9CCE48}.Release|Any CPU.Build.0 = Release|Any CPU
	EndGlobalSection
EndGlobal
